
Microsoft Visual Studio Solution File, Format Version 12.00
# Visual Studio 15
VisualStudioVersion = 15.0.27004.2005
MinimumVisualStudioVersion = 10.0.40219.1
Project("{8BC9CEB8-8B4A-11D0-8D11-00A0C91BC942}") = "find_key", "find_key\find_key.vcxproj", "{963B964B-5FD3-45A0-815E-F817E67C12F8}"
EndProject
Global
	GlobalSection(SolutionConfigurationPlatforms) = preSolution
		Debug|x64 = Debug|x64
		Debug|x86 = Debug|x86
		Release|x64 = Release|x64
		Release|x86 = Release|x86
	EndGlobalSection
	GlobalSection(ProjectConfigurationPlatforms) = postSolution
		{963B964B-5FD3-45A0-815E-F817E67C12F8}.Debug|x64.ActiveCfg = Debug|Win32
		{963B964B-5FD3-45A0-815E-F817E67C12F8}.Debug|x64.Build.0 = Debug|Win32
		{963B964B-5FD3-45A0-815E-F817E67C12F8}.Debug|x86.ActiveCfg = Debug|Win32
		{963B964B-5FD3-45A0-815E-F817E67C12F8}.Debug|x86.Build.0 = Debug|Win32
		{963B964B-5FD3-45A0-815E-F817E67C12F8}.Release|x64.ActiveCfg = Release|x64
		{963B964B-5FD3-45A0-815E-F817E67C12F8}.Release|x64.Build.0 = Release|x64
		{963B964B-5FD3-45A0-815E-F817E67C12F8}.Release|x86.ActiveCfg = Release|Win32
		{963B964B-5FD3-45A0-815E-F817E67C12F8}.Release|x86.Build.0 = Release|Win32
	EndGlobalSection
	GlobalSection(SolutionProperties) = preSolution
		HideSolutionNode = FALSE
	EndGlobalSection
	GlobalSection(ExtensibilityGlobals) = postSolution
		SolutionGuid = {7FE6761A-32E7-4867-9492-F2AD1103396D}
	EndGlobalSection
EndGlobal
